
Microsoft Visual Studio Solution File, Format Version 12.00
# Visual Studio Version 17
VisualStudioVersion = 17.1.32210.238
MinimumVisualStudioVersion = 10.0.40219.1
Project("{9A19103F-16F7-4668-BE54-9A1E7A4F7556}") = "VideoToolsWin", "VideoToolsWin.csproj", "{C4692115-4DC8-48F4-BBDF-607FE1E88C8D}"
EndProject
Global
	GlobalSection(SolutionConfigurationPlatforms) = preSolution
		Debug|Any CPU = Debug|Any CPU
		Release|Any CPU = Release|Any CPU
	EndGlobalSection
	GlobalSection(ProjectConfigurationPlatforms) = postSolution
		{C4692115-4DC8-48F4-BBDF-607FE1E88C8D}.Debug|Any CPU.ActiveCfg = Debug|Any CPU
		{C4692115-4DC8-48F4-BBDF-607FE1E88C8D}.Debug|Any CPU.Build.0 = Debug|Any CPU
		{C4692115-4DC8-48F4-BBDF-607FE1E88C8D}.Release|Any CPU.ActiveCfg = Release|Any CPU
		{C4692115-4DC8-48F4-BBDF-607FE1E88C8D}.Release|Any CPU.Build.0 = Release|Any CPU
	EndGlobalSection
	GlobalSection(SolutionProperties) = preSolution
		HideSolutionNode = FALSE
	EndGlobalSection
	GlobalSection(ExtensibilityGlobals) = postSolution
		SolutionGuid = {6339DBB0-E0C5-4540-A6EB-54B4DB959890}
	EndGlobalSection
EndGlobal
